
Microsoft Visual Studio Solution File, Format Version 12.00
# Visual Studio Version 16
VisualStudioVersion = 16.0.30907.101
MinimumVisualStudioVersion = 10.0.40219.1
Project("{FAE04EC0-301F-11D3-BF4B-00C04F79EFBC}") = "LegacySolution", "LegacySolution\LegacySolution.csproj", "{1845E8BC-A318-41EF-940B-89111B9DB970}"
EndProject
Project("{FAE04EC0-301F-11D3-BF4B-00C04F79EFBC}") = "LegacySolution.UnitTests", "LegacySolution.UnitTests\LegacySolution.UnitTests.csproj", "{5601DDF6-76DE-41F8-9DCD-8A16A4A44EB7}"
EndProject
Global
	GlobalSection(SolutionConfigurationPlatforms) = preSolution
		Debug|Any CPU = Debug|Any CPU
		Release|Any CPU = Release|Any CPU
	EndGlobalSection
	GlobalSection(ProjectConfigurationPlatforms) = postSolution
		{1845E8BC-A318-41EF-940B-89111B9DB970}.Debug|Any CPU.ActiveCfg = Debug|Any CPU
		{1845E8BC-A318-41EF-940B-89111B9DB970}.Debug|Any CPU.Build.0 = Debug|Any CPU
		{1845E8BC-A318-41EF-940B-89111B9DB970}.Release|Any CPU.ActiveCfg = Release|Any CPU
		{1845E8BC-A318-41EF-940B-89111B9DB970}.Release|Any CPU.Build.0 = Release|Any CPU
		{5601DDF6-76DE-41F8-9DCD-8A16A4A44EB7}.Debug|Any CPU.ActiveCfg = Debug|Any CPU
		{5601DDF6-76DE-41F8-9DCD-8A16A4A44EB7}.Debug|Any CPU.Build.0 = Debug|Any CPU
		{5601DDF6-76DE-41F8-9DCD-8A16A4A44EB7}.Release|Any CPU.ActiveCfg = Release|Any CPU
		{5601DDF6-76DE-41F8-9DCD-8A16A4A44EB7}.Release|Any CPU.Build.0 = Release|Any CPU
	EndGlobalSection
	GlobalSection(SolutionProperties) = preSolution
		HideSolutionNode = FALSE
	EndGlobalSection
	GlobalSection(ExtensibilityGlobals) = postSolution
		SolutionGuid = {8E106AE9-7B0C-4A21-B1F0-62F46DFD8F87}
	EndGlobalSection
EndGlobal
